
Microsoft Visual Studio Solution File, Format Version 12.00
# Visual Studio 15
VisualStudioVersion = 15.0.27004.2009
MinimumVisualStudioVersion = 10.0.40219.1
Project("{FAE04EC0-301F-11D3-BF4B-00C04F79EFBC}") = "SearchEngine", "SearchEngine\SearchEngine.csproj", "{D6984380-6A7C-4DBB-B14D-8A181C5BA3F2}"
EndProject
Project("{FAE04EC0-301F-11D3-BF4B-00C04F79EFBC}") = "TextClear", "TextClear\TextClear.csproj", "{76DB58C9-5CC8-4542-A315-EFA60D9B682B}"
EndProject
Global
	GlobalSection(SolutionConfigurationPlatforms) = preSolution
		Debug|Any CPU = Debug|Any CPU
		Release|Any CPU = Release|Any CPU
	EndGlobalSection
	GlobalSection(ProjectConfigurationPlatforms) = postSolution
		{D6984380-6A7C-4DBB-B14D-8A181C5BA3F2}.Debug|Any CPU.ActiveCfg = Debug|Any CPU
		{D6984380-6A7C-4DBB-B14D-8A181C5BA3F2}.Debug|Any CPU.Build.0 = Debug|Any CPU
		{D6984380-6A7C-4DBB-B14D-8A181C5BA3F2}.Release|Any CPU.ActiveCfg = Release|Any CPU
		{D6984380-6A7C-4DBB-B14D-8A181C5BA3F2}.Release|Any CPU.Build.0 = Release|Any CPU
		{76DB58C9-5CC8-4542-A315-EFA60D9B682B}.Debug|Any CPU.ActiveCfg = Debug|Any CPU
		{76DB58C9-5CC8-4542-A315-EFA60D9B682B}.Debug|Any CPU.Build.0 = Debug|Any CPU
		{76DB58C9-5CC8-4542-A315-EFA60D9B682B}.Release|Any CPU.ActiveCfg = Release|Any CPU
		{76DB58C9-5CC8-4542-A315-EFA60D9B682B}.Release|Any CPU.Build.0 = Release|Any CPU
	EndGlobalSection
	GlobalSection(SolutionProperties) = preSolution
		HideSolutionNode = FALSE
	EndGlobalSection
	GlobalSection(ExtensibilityGlobals) = postSolution
		SolutionGuid = {1EF4E9A2-B680-405E-B8AA-1AE7AD0D3B56}
	EndGlobalSection
EndGlobal
